{
  "version": 4,
  "terraform_version": "1.7.0",
  "serial": 244,
  "lineage": "0ad2b7c2-9443-a131-175f-4f4f5ba1ab4b",
  "outputs": {},
  "resources": [
    {
      "module": "module.alert_policy",
      "mode": "managed",
      "type": "newrelic_alert_policy",
      "name": "terraformmypolicy",
      "provider": "module.alert_policy.provider[\"registry.terraform.io/newrelic/newrelic\"]",
      "instances": [
        {
          "schema_version": 0,
          "attributes": {
            "account_id": 4438259,
            "channel_ids": null,
            "id": "1412271",
            "incident_preference": "PER_POLICY",
            "name": "firstpolicy"
          },
          "sensitive_attributes": [],
          "private": "bnVsbA=="
        }
      ]
    },
    {
      "module": "module.alert_policy",
      "mode": "managed",
      "type": "newrelic_nrql_alert_condition",
      "name": "istcondition",
      "provider": "module.alert_policy.provider[\"registry.terraform.io/newrelic/newrelic\"]",
      "instances": [
        {
          "index_key": "condition1",
          "schema_version": 0,
          "attributes": {
            "account_id": 4438259,
            "aggregation_delay": "120",
            "aggregation_method": "event_flow",
            "aggregation_timer": null,
            "aggregation_window": 60,
            "baseline_direction": null,
            "close_violations_on_expiration": true,
            "critical": [
              {
                "duration": 0,
                "operator": "above",
                "threshold": 1,
                "threshold_duration": 60,
                "threshold_occurrences": "all",
                "time_function": ""
              }
            ],
            "description": "Alert when transactions are taking too long",
            "enabled": true,
            "entity_guid": "NDQzODI1OXxBSU9QU3xDT05ESVRJT058NzI1OTE0NA",
            "evaluation_delay": null,
            "expiration_duration": 120,
            "fill_option": "static",
            "fill_value": 1,
            "id": "1412271:7259144",
            "name": "Condition 1",
            "nrql": [
              {
                "data_account_id": 0,
                "evaluation_offset": 0,
                "query": "SELECT average(duration) FROM Transaction where appName = 'mylink'",
                "since_value": ""
              }
            ],
            "open_violation_on_expiration": true,
            "policy_id": 1412271,
            "runbook_url": "https://www.example.com",
            "slide_by": 30,
            "term": [],
            "timeouts": null,
            "type": "static",
            "violation_time_limit": "NON_MATCHABLE_LIMIT_VALUE",
            "violation_time_limit_seconds": 300,
            "warning": [
              {
                "duration": 0,
                "operator": "above",
                "threshold": 1,
                "threshold_duration": 60,
                "threshold_occurrences": "all",
                "time_function": ""
              }
            ]
          },
          "sensitive_attributes": [],
          "private": "eyJlMmJmYjczMC1lY2FhLTExZTYtOGY4OC0zNDM2M2JjN2M0YzAiOnsiY3JlYXRlIjozMDAwMDAwMDAwMH19",
          "dependencies": [
            "module.alert_policy.newrelic_alert_policy.terraformmypolicy"
          ]
        },
        {
          "index_key": "condition2",
          "schema_version": 0,
          "attributes": {
            "account_id": 4438259,
            "aggregation_delay": "120",
            "aggregation_method": "event_flow",
            "aggregation_timer": null,
            "aggregation_window": 60,
            "baseline_direction": null,
            "close_violations_on_expiration": true,
            "critical": [
              {
                "duration": 0,
                "operator": "above",
                "threshold": 1,
                "threshold_duration": 60,
                "threshold_occurrences": "all",
                "time_function": ""
              }
            ],
            "description": "Alert when httpsttatus code is high",
            "enabled": true,
            "entity_guid": "NDQzODI1OXxBSU9QU3xDT05ESVRJT058NzI1OTE0MQ",
            "evaluation_delay": null,
            "expiration_duration": 120,
            "fill_option": "static",
            "fill_value": 1,
            "id": "1412271:7259141",
            "name": "Condition 2",
            "nrql": [
              {
                "data_account_id": 0,
                "evaluation_offset": 0,
                "query": "SELECT count(http.statusCode)FROM Transaction WHERE appName='mylink'",
                "since_value": ""
              }
            ],
            "open_violation_on_expiration": true,
            "policy_id": 1412271,
            "runbook_url": "https://www.example.com",
            "slide_by": 30,
            "term": [],
            "timeouts": null,
            "type": "static",
            "violation_time_limit": "NON_MATCHABLE_LIMIT_VALUE",
            "violation_time_limit_seconds": 300,
            "warning": [
              {
                "duration": 0,
                "operator": "above",
                "threshold": 1,
                "threshold_duration": 60,
                "threshold_occurrences": "all",
                "time_function": ""
              }
            ]
          },
          "sensitive_attributes": [],
          "private": "eyJlMmJmYjczMC1lY2FhLTExZTYtOGY4OC0zNDM2M2JjN2M0YzAiOnsiY3JlYXRlIjozMDAwMDAwMDAwMH19",
          "dependencies": [
            "module.alert_policy.newrelic_alert_policy.terraformmypolicy"
          ]
        },
        {
          "index_key": "condition3",
          "schema_version": 0,
          "attributes": {
            "account_id": 4438259,
            "aggregation_delay": "120",
            "aggregation_method": "event_flow",
            "aggregation_timer": null,
            "aggregation_window": 60,
            "baseline_direction": null,
            "close_violations_on_expiration": true,
            "critical": [
              {
                "duration": 0,
                "operator": "above",
                "threshold": 1,
                "threshold_duration": 60,
                "threshold_occurrences": "all",
                "time_function": ""
              }
            ],
            "description": "Alert when total time is high ",
            "enabled": true,
            "entity_guid": "NDQzODI1OXxBSU9QU3xDT05ESVRJT058NzI1OTE0Mw",
            "evaluation_delay": null,
            "expiration_duration": 120,
            "fill_option": "static",
            "fill_value": 1,
            "id": "1412271:7259143",
            "name": "Condition 3",
            "nrql": [
              {
                "data_account_id": 0,
                "evaluation_offset": 0,
                "query": "SELECT  sum(totalTime) FROM Transaction WHERE appName='mylink'",
                "since_value": ""
              }
            ],
            "open_violation_on_expiration": true,
            "policy_id": 1412271,
            "runbook_url": "https://www.example.com",
            "slide_by": 30,
            "term": [],
            "timeouts": null,
            "type": "static",
            "violation_time_limit": "NON_MATCHABLE_LIMIT_VALUE",
            "violation_time_limit_seconds": 300,
            "warning": [
              {
                "duration": 0,
                "operator": "above",
                "threshold": 1,
                "threshold_duration": 60,
                "threshold_occurrences": "all",
                "time_function": ""
              }
            ]
          },
          "sensitive_attributes": [],
          "private": "eyJlMmJmYjczMC1lY2FhLTExZTYtOGY4OC0zNDM2M2JjN2M0YzAiOnsiY3JlYXRlIjozMDAwMDAwMDAwMH19",
          "dependencies": [
            "module.alert_policy.newrelic_alert_policy.terraformmypolicy"
          ]
        },
        {
          "index_key": "condition4",
          "schema_version": 0,
          "attributes": {
            "account_id": 4438259,
            "aggregation_delay": "120",
            "aggregation_method": "event_flow",
            "aggregation_timer": null,
            "aggregation_window": 60,
            "baseline_direction": null,
            "close_violations_on_expiration": true,
            "critical": [
              {
                "duration": 0,
                "operator": "above",
                "threshold": 1,
                "threshold_duration": 60,
                "threshold_occurrences": "all",
                "time_function": ""
              }
            ],
            "description": "Alert when duration is high  on ping",
            "enabled": true,
            "entity_guid": "NDQzODI1OXxBSU9QU3xDT05ESVRJT058NzI1OTE0Mg",
            "evaluation_delay": null,
            "expiration_duration": 120,
            "fill_option": "static",
            "fill_value": 1,
            "id": "1412271:7259142",
            "name": "Condition 4",
            "nrql": [
              {
                "data_account_id": 0,
                "evaluation_offset": 0,
                "query": "SELECT average(duration) FROM SyntheticCheck WHERE monitorName = 'firstpingmonitor' FACET location",
                "since_value": ""
              }
            ],
            "open_violation_on_expiration": true,
            "policy_id": 1412271,
            "runbook_url": "https://www.example.com",
            "slide_by": 30,
            "term": [],
            "timeouts": null,
            "type": "static",
            "violation_time_limit": "NON_MATCHABLE_LIMIT_VALUE",
            "violation_time_limit_seconds": 300,
            "warning": [
              {
                "duration": 0,
                "operator": "above",
                "threshold": 1,
                "threshold_duration": 60,
                "threshold_occurrences": "all",
                "time_function": ""
              }
            ]
          },
          "sensitive_attributes": [],
          "private": "eyJlMmJmYjczMC1lY2FhLTExZTYtOGY4OC0zNDM2M2JjN2M0YzAiOnsiY3JlYXRlIjozMDAwMDAwMDAwMH19",
          "dependencies": [
            "module.alert_policy.newrelic_alert_policy.terraformmypolicy"
          ]
        },
        {
          "index_key": "condition5",
          "schema_version": 0,
          "attributes": {
            "account_id": 4438259,
            "aggregation_delay": "120",
            "aggregation_method": "event_flow",
            "aggregation_timer": null,
            "aggregation_window": 60,
            "baseline_direction": null,
            "close_violations_on_expiration": true,
            "critical": [
              {
                "duration": 0,
                "operator": "above",
                "threshold": 1,
                "threshold_duration": 60,
                "threshold_occurrences": "all",
                "time_function": ""
              }
            ],
            "description": "Alert when duration is high  on ",
            "enabled": true,
            "entity_guid": "NDQzODI1OXxBSU9QU3xDT05ESVRJT058NzI1OTE0MA",
            "evaluation_delay": null,
            "expiration_duration": 120,
            "fill_option": "static",
            "fill_value": 1,
            "id": "1412271:7259140",
            "name": "Condition 5",
            "nrql": [
              {
                "data_account_id": 0,
                "evaluation_offset": 0,
                "query": "SELECT count(*) FROM SyntheticCheck WHERE monitorName = 'pagelink'AND result !='FAILED'",
                "since_value": ""
              }
            ],
            "open_violation_on_expiration": true,
            "policy_id": 1412271,
            "runbook_url": "https://www.example.com",
            "slide_by": 30,
            "term": [],
            "timeouts": null,
            "type": "static",
            "violation_time_limit": "NON_MATCHABLE_LIMIT_VALUE",
            "violation_time_limit_seconds": 300,
            "warning": [
              {
                "duration": 0,
                "operator": "above",
                "threshold": 1,
                "threshold_duration": 60,
                "threshold_occurrences": "all",
                "time_function": ""
              }
            ]
          },
          "sensitive_attributes": [],
          "private": "eyJlMmJmYjczMC1lY2FhLTExZTYtOGY4OC0zNDM2M2JjN2M0YzAiOnsiY3JlYXRlIjozMDAwMDAwMDAwMH19",
          "dependencies": [
            "module.alert_policy.newrelic_alert_policy.terraformmypolicy"
          ]
        }
      ]
    },
    {
      "module": "module.channel",
      "mode": "managed",
      "type": "newrelic_notification_channel",
      "name": "my_channel",
      "provider": "module.channel.provider[\"registry.terraform.io/newrelic/newrelic\"]",
      "instances": [
        {
          "index_key": "channel1",
          "schema_version": 0,
          "attributes": {
            "account_id": 4438259,
            "active": true,
            "destination_id": "ad0cfaa3-5987-4328-87cd-b118016af0a5",
            "id": "82de59b5-bded-449c-87a3-918667ee04ae",
            "name": "channel",
            "product": "IINT",
            "property": [
              {
                "display_value": "",
                "key": "Alert!",
                "label": "",
                "value": "alert on synthetic"
              },
              {
                "display_value": "",
                "key": "subject",
                "label": "",
                "value": "alert arise"
              }
            ],
            "status": "DEFAULT",
            "type": "EMAIL"
          },
          "sensitive_attributes": [],
          "private": "bnVsbA==",
          "dependencies": [
            "module.destination.newrelic_notification_destination.my_destination"
          ]
        }
      ]
    },
    {
      "module": "module.dash",
      "mode": "managed",
      "type": "newrelic_one_dashboard",
      "name": "exampledash",
      "provider": "module.dash.provider[\"registry.terraform.io/newrelic/newrelic\"]",
      "instances": [
        {
          "schema_version": 0,
          "attributes": {
            "account_id": 4438259,
            "description": null,
            "guid": "NDQzODI1OXxWSVp8REFTSEJPQVJEfGRhOjQxNDc1Mg",
            "id": "NDQzODI1OXxWSVp8REFTSEJPQVJEfGRhOjQxNDc1Mg",
            "name": "mydsahboard using dynamiv",
            "page": [
              {
                "description": "",
                "guid": "NDQzODI1OXxWSVp8REFTSEJPQVJEfDE5MjI3Njg",
                "name": "my New Relic Terraform Example1",
                "widget_area": [],
                "widget_bar": [
                  {
                    "colors": [],
                    "column": 7,
                    "facet_show_other_series": false,
                    "filter_current_dashboard": false,
                    "height": 3,
                    "id": "32304492",
                    "ignore_time_range": false,
                    "legend_enabled": true,
                    "linked_entity_guids": [],
                    "nrql_query": [
                      {
                        "account_id": 4438259,
                        "query": "SELECT count(*) FROM Transaction  since 7 days ago FACET  weekdayOf(timestamp)"
                      }
                    ],
                    "null_values": [],
                    "row": 1,
                    "title": "bar widget",
                    "units": [],
                    "width": 6,
                    "y_axis_left_max": 0,
                    "y_axis_left_min": 0
                  },
                  {
                    "colors": [],
                    "column": 7,
                    "facet_show_other_series": false,
                    "filter_current_dashboard": false,
                    "height": 3,
                    "id": "32304493",
                    "ignore_time_range": false,
                    "legend_enabled": true,
                    "linked_entity_guids": [],
                    "nrql_query": [
                      {
                        "account_id": 4438259,
                        "query": "SELECT count(*) FROM Transaction  since 7 days ago FACET  weekdayOf(timestamp)"
                      }
                    ],
                    "null_values": [],
                    "row": 1,
                    "title": "bar widget",
                    "units": [],
                    "width": 6,
                    "y_axis_left_max": 0,
                    "y_axis_left_min": 0
                  },
                  {
                    "colors": [],
                    "column": 7,
                    "facet_show_other_series": false,
                    "filter_current_dashboard": false,
                    "height": 3,
                    "id": "32304494",
                    "ignore_time_range": false,
                    "legend_enabled": true,
                    "linked_entity_guids": [],
                    "nrql_query": [
                      {
                        "account_id": 4438259,
                        "query": "SELECT count(*) FROM Transaction  since 7 days ago FACET  weekdayOf(timestamp)"
                      }
                    ],
                    "null_values": [],
                    "row": 1,
                    "title": "bar widget",
                    "units": [],
                    "width": 6,
                    "y_axis_left_max": 0,
                    "y_axis_left_min": 0
                  }
                ],
                "widget_billboard": [
                  {
                    "colors": [],
                    "column": 1,
                    "critical": "",
                    "facet_show_other_series": false,
                    "height": 3,
                    "id": "32304495",
                    "ignore_time_range": false,
                    "legend_enabled": true,
                    "nrql_query": [
                      {
                        "account_id": 4438259,
                        "query": "SELECT average(duration) FROM SyntheticCheck WHERE monitorName = 'firstpingmonitor'FACET location"
                      }
                    ],
                    "null_values": [],
                    "row": 1,
                    "title": "duration  2nd billboard of synthetic check",
                    "units": [],
                    "warning": "",
                    "width": 6,
                    "y_axis_left_max": 0,
                    "y_axis_left_min": 0
                  },
                  {
                    "colors": [],
                    "column": 1,
                    "critical": "",
                    "facet_show_other_series": false,
                    "height": 3,
                    "id": "32304496",
                    "ignore_time_range": false,
                    "legend_enabled": true,
                    "nrql_query": [
                      {
                        "account_id": 4438259,
                        "query": "SELECT average(duration) FROM SyntheticCheck WHERE monitorName = 'firstpingmonitor'FACET location"
                      }
                    ],
                    "null_values": [],
                    "row": 1,
                    "title": "duration  2nd billboard of synthetic check",
                    "units": [],
                    "warning": "",
                    "width": 6,
                    "y_axis_left_max": 0,
                    "y_axis_left_min": 0
                  },
                  {
                    "colors": [],
                    "column": 1,
                    "critical": "",
                    "facet_show_other_series": false,
                    "height": 3,
                    "id": "32304497",
                    "ignore_time_range": false,
                    "legend_enabled": true,
                    "nrql_query": [
                      {
                        "account_id": 4438259,
                        "query": "SELECT average(duration) FROM SyntheticCheck WHERE monitorName = 'firstpingmonitor'FACET location"
                      }
                    ],
                    "null_values": [],
                    "row": 1,
                    "title": "duration  ist billboard of synthetic check",
                    "units": [],
                    "warning": "",
                    "width": 6,
                    "y_axis_left_max": 0,
                    "y_axis_left_min": 0
                  }
                ],
                "widget_bullet": [],
                "widget_funnel": [],
                "widget_heatmap": [],
                "widget_histogram": [],
                "widget_json": [],
                "widget_line": [
                  {
                    "colors": [],
                    "column": 7,
                    "facet_show_other_series": false,
                    "height": 3,
                    "id": "32304498",
                    "ignore_time_range": false,
                    "is_label_visible": false,
                    "legend_enabled": true,
                    "nrql_query": [
                      {
                        "account_id": 4438259,
                        "query": "SELECT count(*) from Transaction WHERE appName='mylink'  SINCE  7 day ago TIMESERIES"
                      }
                    ],
                    "null_values": [],
                    "row": 4,
                    "threshold": [],
                    "title": "line",
                    "units": [],
                    "width": 6,
                    "y_axis_left_max": 0,
                    "y_axis_left_min": 0,
                    "y_axis_left_zero": false,
                    "y_axis_right": []
                  },
                  {
                    "colors": [],
                    "column": 7,
                    "facet_show_other_series": false,
                    "height": 3,
                    "id": "32304499",
                    "ignore_time_range": false,
                    "is_label_visible": false,
                    "legend_enabled": true,
                    "nrql_query": [
                      {
                        "account_id": 4438259,
                        "query": "SELECT count(*) from Transaction WHERE appName='mylink'  SINCE  7 day ago TIMESERIES"
                      }
                    ],
                    "null_values": [],
                    "row": 4,
                    "threshold": [],
                    "title": "line",
                    "units": [],
                    "width": 6,
                    "y_axis_left_max": 0,
                    "y_axis_left_min": 0,
                    "y_axis_left_zero": false,
                    "y_axis_right": []
                  },
                  {
                    "colors": [],
                    "column": 7,
                    "facet_show_other_series": false,
                    "height": 3,
                    "id": "32304500",
                    "ignore_time_range": false,
                    "is_label_visible": false,
                    "legend_enabled": true,
                    "nrql_query": [
                      {
                        "account_id": 4438259,
                        "query": "SELECT count(*) from Transaction WHERE appName='mylink'  SINCE  7 day ago TIMESERIES"
                      }
                    ],
                    "null_values": [],
                    "row": 4,
                    "threshold": [],
                    "title": "line",
                    "units": [],
                    "width": 6,
                    "y_axis_left_max": 0,
                    "y_axis_left_min": 0,
                    "y_axis_left_zero": false,
                    "y_axis_right": []
                  }
                ],
                "widget_log_table": [],
                "widget_markdown": [
                  {
                    "colors": [],
                    "column": 1,
                    "facet_show_other_series": false,
                    "height": 3,
                    "id": "32304501",
                    "ignore_time_range": false,
                    "legend_enabled": true,
                    "null_values": [],
                    "row": 7,
                    "text": "### Helpful Links\n\n* [New Relic One](https://one.newrelic.com)\n* [Developer Portal](https://developer.newrelic.com)",
                    "title": "Dashboard Note",
                    "units": [],
                    "width": 12,
                    "y_axis_left_max": 0,
                    "y_axis_left_min": 0
                  },
                  {
                    "colors": [],
                    "column": 1,
                    "facet_show_other_series": false,
                    "height": 3,
                    "id": "32304502",
                    "ignore_time_range": false,
                    "legend_enabled": true,
                    "null_values": [],
                    "row": 7,
                    "text": "### Helpful Links\n\n* [New Relic One](https://one.newrelic.com)\n* [Developer Portal](https://developer.newrelic.com)",
                    "title": "Dashboard Note",
                    "units": [],
                    "width": 12,
                    "y_axis_left_max": 0,
                    "y_axis_left_min": 0
                  },
                  {
                    "colors": [],
                    "column": 1,
                    "facet_show_other_series": false,
                    "height": 3,
                    "id": "32304503",
                    "ignore_time_range": false,
                    "legend_enabled": true,
                    "null_values": [],
                    "row": 7,
                    "text": "### Helpful Links\n\n* [New Relic One](https://one.newrelic.com)\n* [Developer Portal](https://developer.newrelic.com)",
                    "title": "Dashboard Note",
                    "units": [],
                    "width": 12,
                    "y_axis_left_max": 0,
                    "y_axis_left_min": 0
                  }
                ],
                "widget_pie": [],
                "widget_stacked_bar": [],
                "widget_table": [
                  {
                    "colors": [],
                    "column": 1,
                    "facet_show_other_series": false,
                    "filter_current_dashboard": false,
                    "height": 3,
                    "id": "32304504",
                    "ignore_time_range": false,
                    "legend_enabled": true,
                    "linked_entity_guids": [],
                    "nrql_query": [
                      {
                        "account_id": 4438259,
                        "query": "SELECT count(*), average(duration), max(duration), min(duration) FROM Transaction FACET name SINCE 7 day ago"
                      }
                    ],
                    "null_values": [],
                    "row": 13,
                    "threshold": [],
                    "title": "Table",
                    "units": [],
                    "width": 6,
                    "y_axis_left_max": 0,
                    "y_axis_left_min": 0
                  },
                  {
                    "colors": [],
                    "column": 1,
                    "facet_show_other_series": false,
                    "filter_current_dashboard": false,
                    "height": 3,
                    "id": "32304505",
                    "ignore_time_range": false,
                    "legend_enabled": true,
                    "linked_entity_guids": [],
                    "nrql_query": [
                      {
                        "account_id": 4438259,
                        "query": "SELECT count(*), average(duration), max(duration), min(duration) FROM Transaction FACET name SINCE 7 day ago"
                      }
                    ],
                    "null_values": [],
                    "row": 13,
                    "threshold": [],
                    "title": "Table",
                    "units": [],
                    "width": 6,
                    "y_axis_left_max": 0,
                    "y_axis_left_min": 0
                  },
                  {
                    "colors": [],
                    "column": 1,
                    "facet_show_other_series": false,
                    "filter_current_dashboard": false,
                    "height": 3,
                    "id": "32304506",
                    "ignore_time_range": false,
                    "legend_enabled": true,
                    "linked_entity_guids": [],
                    "nrql_query": [
                      {
                        "account_id": 4438259,
                        "query": "SELECT count(*), average(duration), max(duration), min(duration) FROM Transaction FACET name SINCE 7 day ago"
                      }
                    ],
                    "null_values": [],
                    "row": 13,
                    "threshold": [],
                    "title": "Table",
                    "units": [],
                    "width": 6,
                    "y_axis_left_max": 0,
                    "y_axis_left_min": 0
                  }
                ]
              }
            ],
            "permalink": "https://one.eu.newrelic.com/redirect/entity/NDQzODI1OXxWSVp8REFTSEJPQVJEfGRhOjQxNDc1Mg",
            "permissions": "public_read_only",
            "variable": []
          },
          "sensitive_attributes": [],
          "private": "bnVsbA=="
        }
      ]
    },
    {
      "module": "module.destination",
      "mode": "managed",
      "type": "newrelic_notification_destination",
      "name": "my_destination",
      "provider": "module.destination.provider[\"registry.terraform.io/newrelic/newrelic\"]",
      "instances": [
        {
          "index_key": "my",
          "schema_version": 1,
          "attributes": {
            "account_id": 4438259,
            "active": true,
            "auth_basic": [],
            "auth_custom_header": [],
            "auth_token": [],
            "guid": "NDQzODI1OXxBSU9QU3xERVNUSU5BVElPTnxhZDBjZmFhMy01OTg3LTQzMjgtODdjZC1iMTE4MDE2YWYwYTU",
            "id": "ad0cfaa3-5987-4328-87cd-b118016af0a5",
            "last_sent": "",
            "name": "istdestination",
            "property": [
              {
                "display_value": "",
                "key": "email",
                "label": "",
                "value": "prachiwadhwa2001@gmail.com"
              }
            ],
            "secure_url": [],
            "status": "DEFAULT",
            "type": "EMAIL"
          },
          "sensitive_attributes": [],
          "private": "eyJzY2hlbWFfdmVyc2lvbiI6IjEifQ=="
        }
      ]
    },
    {
      "module": "module.drop_rule",
      "mode": "managed",
      "type": "newrelic_nrql_drop_rule",
      "name": "bar",
      "provider": "module.drop_rule.provider[\"registry.terraform.io/newrelic/newrelic\"]",
      "instances": [
        {
          "index_key": "1",
          "schema_version": 0,
          "attributes": {
            "account_id": 4438259,
            "action": "drop_attributes",
            "description": "drping atribute",
            "id": "4438259:536943",
            "nrql": "SELECT userEmail, userName FROM MyCustomEvent",
            "rule_id": "536943"
          },
          "sensitive_attributes": [],
          "private": "bnVsbA=="
        }
      ]
    },
    {
      "module": "module.log",
      "mode": "managed",
      "type": "newrelic_log_parsing_rule",
      "name": "foo",
      "provider": "module.log.provider[\"registry.terraform.io/newrelic/newrelic\"]",
      "instances": [
        {
          "index_key": "1",
          "schema_version": 0,
          "attributes": {
            "account_id": null,
            "attribute": "message",
            "deleted": null,
            "enabled": true,
            "grok": "sampleattribute='%{NUMBER:test:int}'",
            "id": "5724",
            "lucene": "logtype:linux_messages",
            "matched": null,
            "name": "log_parse_rule",
            "nrql": "SELECT * FROM Log WHERE logtype = 'linux_messages'"
          },
          "sensitive_attributes": [],
          "private": "bnVsbA=="
        }
      ]
    },
    {
      "module": "module.servicelevels",
      "mode": "managed",
      "type": "newrelic_service_level",
      "name": "myservicelevelteraf",
      "provider": "module.servicelevels.provider[\"registry.terraform.io/newrelic/newrelic\"]",
      "instances": [
        {
          "index_key": "level1",
          "schema_version": 0,
          "attributes": {
            "description": "servicelevel1 on mylink",
            "events": [
              {
                "account_id": 4438259,
                "bad_events": [
                  {
                    "from": "Transaction",
                    "select": [],
                    "where": "appName = 'mylink'"
                  }
                ],
                "good_events": [],
                "valid_events": [
                  {
                    "from": "PageView",
                    "select": [],
                    "where": "appName = 'react1'"
                  }
                ]
              }
            ],
            "guid": "NDQzODI1OXxBUE18QVBQTElDQVRJT058NDg4OTcwNjg4",
            "id": "4438259:319102:NDQzODI1OXxBUE18QVBQTElDQVRJT058NDg4OTcwNjg4",
            "name": "level1",
            "objective": [
              {
                "description": "",
                "name": "",
                "target": 10,
                "time_window": [
                  {
                    "rolling": [
                      {
                        "count": 28,
                        "unit": "DAY"
                      }
                    ]
                  }
                ]
              }
            ],
            "sli_guid": "NDQzODI1OXxFWFR8U0VSVklDRV9MRVZFTHwzMTkxMDI",
            "sli_id": "319102"
          },
          "sensitive_attributes": [],
          "private": "bnVsbA=="
        },
        {
          "index_key": "level2",
          "schema_version": 0,
          "attributes": {
            "description": "servicelevel on react1",
            "events": [
              {
                "account_id": 4438259,
                "bad_events": [],
                "good_events": [
                  {
                    "from": "PageView",
                    "select": [],
                    "where": "appName = 'react1'"
                  }
                ],
                "valid_events": [
                  {
                    "from": "PageView",
                    "select": [],
                    "where": "appName = 'react1'"
                  }
                ]
              }
            ],
            "guid": "NDQzODI1OXxCUk9XU0VSfEFQUExJQ0FUSU9OfDUzODYxMTA1OQ",
            "id": "4438259:319099:NDQzODI1OXxCUk9XU0VSfEFQUExJQ0FUSU9OfDUzODYxMTA1OQ",
            "name": "level2",
            "objective": [
              {
                "description": "",
                "name": "",
                "target": 30,
                "time_window": [
                  {
                    "rolling": [
                      {
                        "count": 7,
                        "unit": "DAY"
                      }
                    ]
                  }
                ]
              }
            ],
            "sli_guid": "NDQzODI1OXxFWFR8U0VSVklDRV9MRVZFTHwzMTkwOTk",
            "sli_id": "319099"
          },
          "sensitive_attributes": [],
          "private": "bnVsbA=="
        },
        {
          "index_key": "level3",
          "schema_version": 0,
          "attributes": {
            "description": "servicelevel on page monitor",
            "events": [
              {
                "account_id": 4438259,
                "bad_events": [],
                "good_events": [
                  {
                    "from": "SynthetiCheck",
                    "select": [],
                    "where": "monitorName = 'firstpingmonitor'"
                  }
                ],
                "valid_events": [
                  {
                    "from": "PageView",
                    "select": [],
                    "where": "appName = 'react1'"
                  }
                ]
              }
            ],
            "guid": "NDQzODI1OXxTWU5USHxNT05JVE9SfDRjMjEwYjQ4LWViY2YtNGI1ZS1hYThhLTAzZTRlOWFjZWI1Ng",
            "id": "4438259:319098:NDQzODI1OXxTWU5USHxNT05JVE9SfDRjMjEwYjQ4LWViY2YtNGI1ZS1hYThhLTAzZTRlOWFjZWI1Ng",
            "name": "level3",
            "objective": [
              {
                "description": "",
                "name": "",
                "target": 30,
                "time_window": [
                  {
                    "rolling": [
                      {
                        "count": 7,
                        "unit": "DAY"
                      }
                    ]
                  }
                ]
              }
            ],
            "sli_guid": "NDQzODI1OXxFWFR8U0VSVklDRV9MRVZFTHwzMTkwOTg",
            "sli_id": "319098"
          },
          "sensitive_attributes": [],
          "private": "bnVsbA=="
        },
        {
          "index_key": "level4",
          "schema_version": 0,
          "attributes": {
            "description": "servicelevel on pagelinkmonitor",
            "events": [
              {
                "account_id": 4438259,
                "bad_events": [],
                "good_events": [
                  {
                    "from": "SynthetiCheck",
                    "select": [],
                    "where": "monitorName = 'pagelink'"
                  }
                ],
                "valid_events": [
                  {
                    "from": "PageView",
                    "select": [],
                    "where": "appName = 'react1'"
                  }
                ]
              }
            ],
            "guid": "NDQzODI1OXxTWU5USHxNT05JVE9SfDdiZmJkMmE2LWEwOTMtNDg3OC1hNzY3LTlhNWJkYzYzZWIwNQ",
            "id": "4438259:319101:NDQzODI1OXxTWU5USHxNT05JVE9SfDdiZmJkMmE2LWEwOTMtNDg3OC1hNzY3LTlhNWJkYzYzZWIwNQ",
            "name": "level4",
            "objective": [
              {
                "description": "",
                "name": "",
                "target": 20,
                "time_window": [
                  {
                    "rolling": [
                      {
                        "count": 1,
                        "unit": "DAY"
                      }
                    ]
                  }
                ]
              }
            ],
            "sli_guid": "NDQzODI1OXxFWFR8U0VSVklDRV9MRVZFTHwzMTkxMDE",
            "sli_id": "319101"
          },
          "sensitive_attributes": [],
          "private": "bnVsbA=="
        },
        {
          "index_key": "level5",
          "schema_version": 0,
          "attributes": {
            "description": "servicelevel on  host monitor",
            "events": [
              {
                "account_id": 4438259,
                "bad_events": [],
                "good_events": [
                  {
                    "from": "ProcessSample",
                    "select": [],
                    "where": "hostName = 'DESKTOP-Q5BUHLN'"
                  }
                ],
                "valid_events": [
                  {
                    "from": "PageView",
                    "select": [],
                    "where": "appName = 'react1'"
                  }
                ]
              }
            ],
            "guid": "NDQzODI1OXxJTkZSQXxOQXw2MDI5NzM0MTI0NjQ0MTU2Mzc",
            "id": "4438259:319100:NDQzODI1OXxJTkZSQXxOQXw2MDI5NzM0MTI0NjQ0MTU2Mzc",
            "name": "level5",
            "objective": [
              {
                "description": "",
                "name": "",
                "target": 10,
                "time_window": [
                  {
                    "rolling": [
                      {
                        "count": 7,
                        "unit": "DAY"
                      }
                    ]
                  }
                ]
              }
            ],
            "sli_guid": "NDQzODI1OXxFWFR8U0VSVklDRV9MRVZFTHwzMTkxMDA",
            "sli_id": "319100"
          },
          "sensitive_attributes": [],
          "private": "bnVsbA=="
        }
      ]
    },
    {
      "module": "module.synthetic",
      "mode": "managed",
      "type": "newrelic_synthetics_broken_links_monitor",
      "name": "bro1",
      "provider": "module.synthetic.provider[\"registry.terraform.io/newrelic/newrelic\"]",
      "instances": [
        {
          "index_key": "1",
          "schema_version": 0,
          "attributes": {
            "account_id": 4438259,
            "guid": "NDQzODI1OXxTWU5USHxNT05JVE9SfDcwMTE2ZmRlLWM2YzEtNGExMy04OTk0LTA3ZmJlZmE2NDk5MA",
            "id": "NDQzODI1OXxTWU5USHxNT05JVE9SfDcwMTE2ZmRlLWM2YzEtNGExMy04OTk0LTA3ZmJlZmE2NDk5MA",
            "locations_private": null,
            "locations_public": [
              "AP_SOUTH_1"
            ],
            "name": "Sample Broken Links Monitor",
            "period": "EVERY_6_HOURS",
            "period_in_minutes": 360,
            "runtime_type": null,
            "runtime_type_version": null,
            "status": "ENABLED",
            "tag": [],
            "uri": "https://www.one.example.com"
          },
          "sensitive_attributes": [],
          "private": "bnVsbA=="
        }
      ]
    },
    {
      "module": "module.synthetic",
      "mode": "managed",
      "type": "newrelic_synthetics_cert_check_monitor",
      "name": "certificte",
      "provider": "module.synthetic.provider[\"registry.terraform.io/newrelic/newrelic\"]",
      "instances": [
        {
          "index_key": "1",
          "schema_version": 0,
          "attributes": {
            "account_id": 4438259,
            "certificate_expiration": 10,
            "domain": "www.example.com",
            "id": "NDQzODI1OXxTWU5USHxNT05JVE9SfGQ0ZmJmMjNhLWM1ZjUtNGUzNS1iMWY1LTZkN2ExNzU5NzNlNg",
            "locations_private": null,
            "locations_public": [
              "AP_SOUTH_1"
            ],
            "name": "Sample Cert Check Monitor",
            "period": "EVERY_6_HOURS",
            "period_in_minutes": 360,
            "runtime_type": null,
            "runtime_type_version": null,
            "status": "ENABLED",
            "tag": []
          },
          "sensitive_attributes": [],
          "private": "bnVsbA=="
        }
      ]
    },
    {
      "module": "module.synthetic",
      "mode": "managed",
      "type": "newrelic_synthetics_monitor",
      "name": "monitor",
      "provider": "module.synthetic.provider[\"registry.terraform.io/newrelic/newrelic\"]",
      "instances": [
        {
          "index_key": "1",
          "schema_version": 0,
          "attributes": {
            "account_id": null,
            "bypass_head_request": null,
            "custom_header": [],
            "device_orientation": "",
            "device_type": "",
            "enable_screenshot_on_failure_and_script": null,
            "id": "NDQzODI1OXxTWU5USHxNT05JVE9SfDdkNGJmMDNhLWRiNzMtNGJhYy04NDU0LTlkOTY3NjU0MGNhNg",
            "locations_private": null,
            "locations_public": [
              "AP_SOUTH_1"
            ],
            "name": "ping",
            "period": "EVERY_DAY",
            "period_in_minutes": 1440,
            "runtime_type": null,
            "runtime_type_version": null,
            "script_language": null,
            "status": "ENABLED",
            "tag": [],
            "treat_redirect_as_failure": null,
            "type": "SIMPLE",
            "uri": "https://www.one.newrelic.com",
            "validation_string": "",
            "verify_ssl": false
          },
          "sensitive_attributes": [],
          "private": "bnVsbA=="
        }
      ]
    },
    {
      "module": "module.synthetic",
      "mode": "managed",
      "type": "newrelic_synthetics_monitor",
      "name": "simple_browser_monitor",
      "provider": "module.synthetic.provider[\"registry.terraform.io/newrelic/newrelic\"]",
      "instances": [
        {
          "index_key": "i",
          "schema_version": 0,
          "attributes": {
            "account_id": null,
            "bypass_head_request": null,
            "custom_header": [],
            "device_orientation": "",
            "device_type": "",
            "enable_screenshot_on_failure_and_script": null,
            "id": "NDQzODI1OXxTWU5USHxNT05JVE9SfDYwMGE0YmY3LTgzN2EtNDllNS05ZDlmLWYwMWE4ODM1YTAyYw",
            "locations_private": null,
            "locations_public": [
              "AP_SOUTH_1"
            ],
            "name": "simple_browser_monitor",
            "period": "EVERY_DAY",
            "period_in_minutes": 1440,
            "runtime_type": null,
            "runtime_type_version": null,
            "script_language": null,
            "status": "ENABLED",
            "tag": [],
            "treat_redirect_as_failure": null,
            "type": "BROWSER",
            "uri": "https://www.one.newrelic.com",
            "validation_string": "",
            "verify_ssl": false
          },
          "sensitive_attributes": [],
          "private": "bnVsbA=="
        }
      ]
    },
    {
      "module": "module.synthetic",
      "mode": "managed",
      "type": "newrelic_synthetics_script_monitor",
      "name": "scrimonitor",
      "provider": "module.synthetic.provider[\"registry.terraform.io/newrelic/newrelic\"]",
      "instances": [
        {
          "index_key": "1",
          "schema_version": 0,
          "attributes": {
            "account_id": 4438259,
            "device_orientation": null,
            "device_type": null,
            "enable_screenshot_on_failure_and_script": false,
            "guid": "NDQzODI1OXxTWU5USHxNT05JVE9SfGQ5NTNlZjU5LWQ5YmItNDA0My04N2UyLTYwMTBlYzI0NzcwYg",
            "id": "NDQzODI1OXxTWU5USHxNT05JVE9SfGQ5NTNlZjU5LWQ5YmItNDA0My04N2UyLTYwMTBlYzI0NzcwYg",
            "location_private": [],
            "locations_public": [
              "AP_EAST_1",
              "AP_SOUTH_1"
            ],
            "name": "script_monitor_script",
            "period": "EVERY_DAY",
            "period_in_minutes": 1440,
            "runtime_type": null,
            "runtime_type_version": null,
            "script": "$browser.get('https://one.newrelic.com')",
            "script_language": "JAVASCRIPT",
            "status": "ENABLED",
            "tag": [],
            "type": "SCRIPT_BROWSER"
          },
          "sensitive_attributes": [],
          "private": "bnVsbA=="
        }
      ]
    },
    {
      "module": "module.synthetic",
      "mode": "managed",
      "type": "newrelic_synthetics_script_monitor",
      "name": "scriptapimonitor",
      "provider": "module.synthetic.provider[\"registry.terraform.io/newrelic/newrelic\"]",
      "instances": [
        {
          "index_key": "1",
          "schema_version": 0,
          "attributes": {
            "account_id": 4438259,
            "device_orientation": null,
            "device_type": null,
            "enable_screenshot_on_failure_and_script": null,
            "guid": "NDQzODI1OXxTWU5USHxNT05JVE9SfDQ5NjM5YjZlLTQzZjMtNDI2Yi04MGVjLTkzZTJkZjFlZjc5YQ",
            "id": "NDQzODI1OXxTWU5USHxNT05JVE9SfDQ5NjM5YjZlLTQzZjMtNDI2Yi04MGVjLTkzZTJkZjFlZjc5YQ",
            "location_private": [],
            "locations_public": [
              "AP_EAST_1",
              "AP_SOUTH_1"
            ],
            "name": "script_ api_monitor",
            "period": "EVERY_6_HOURS",
            "period_in_minutes": 360,
            "runtime_type": null,
            "runtime_type_version": null,
            "script": "console.log('it works!')",
            "script_language": "JAVASCRIPT",
            "status": "ENABLED",
            "tag": [],
            "type": "SCRIPT_API"
          },
          "sensitive_attributes": [],
          "private": "bnVsbA=="
        }
      ]
    },
    {
      "module": "module.synthetic",
      "mode": "managed",
      "type": "newrelic_synthetics_step_monitor",
      "name": "step",
      "provider": "module.synthetic.provider[\"registry.terraform.io/newrelic/newrelic\"]",
      "instances": [
        {
          "index_key": "1",
          "schema_version": 0,
          "attributes": {
            "account_id": 4438259,
            "enable_screenshot_on_failure_and_script": true,
            "guid": "NDQzODI1OXxTWU5USHxNT05JVE9SfGEwMmRkNjgzLWQ2ZDUtNDQzMi1iNDQ4LTJmMGQ5MjRjNDUzNg",
            "id": "NDQzODI1OXxTWU5USHxNT05JVE9SfGEwMmRkNjgzLWQ2ZDUtNDQzMi1iNDQ4LTJmMGQ5MjRjNDUzNg",
            "location_private": [],
            "locations_public": [
              "US_EAST_1",
              "US_EAST_2"
            ],
            "name": "Sample Step Monitor",
            "period": "EVERY_6_HOURS",
            "period_in_minutes": 360,
            "runtime_type": null,
            "runtime_type_version": null,
            "status": "ENABLED",
            "steps": [
              {
                "ordinal": 0,
                "type": "NAVIGATE",
                "values": [
                  "https://www.newrelic.com"
                ]
              }
            ],
            "tag": []
          },
          "sensitive_attributes": [],
          "private": "bnVsbA=="
        }
      ]
    },
    {
      "module": "module.tags",
      "mode": "managed",
      "type": "newrelic_entity_tags",
      "name": "foo",
      "provider": "module.tags.provider[\"registry.terraform.io/newrelic/newrelic\"]",
      "instances": [
        {
          "index_key": "1",
          "schema_version": 0,
          "attributes": {
            "guid": "NDQzODI1OXxBUE18QVBQTElDQVRJT058NDg4OTcwNjg4",
            "id": "NDQzODI1OXxBUE18QVBQTElDQVRJT058NDg4OTcwNjg4",
            "tag": [
              {
                "key": "apm-monitoring",
                "values": [
                  "Backend",
                  "frontend"
                ]
              },
              {
                "key": "monitor",
                "values": [
                  "apm"
                ]
              }
            ],
            "timeouts": null
          },
          "sensitive_attributes": [],
          "private": "eyJlMmJmYjczMC1lY2FhLTExZTYtOGY4OC0zNDM2M2JjN2M0YzAiOnsiY3JlYXRlIjo2MDAwMDAwMDAwMH19"
        }
      ]
    },
    {
      "module": "module.workflow",
      "mode": "managed",
      "type": "newrelic_workflow",
      "name": "sample_workflow",
      "provider": "module.workflow.provider[\"registry.terraform.io/newrelic/newrelic\"]",
      "instances": [
        {
          "index_key": "worflow100",
          "schema_version": 1,
          "attributes": {
            "account_id": 4438259,
            "destination": [
              {
                "channel_id": "82de59b5-bded-449c-87a3-918667ee04ae",
                "name": "channel",
                "notification_triggers": [
                  "ACKNOWLEDGED",
                  "ACTIVATED",
                  "CLOSED"
                ],
                "type": "EMAIL",
                "update_original_message": true
              }
            ],
            "destinations_enabled": true,
            "enabled": true,
            "enrichments": [],
            "enrichments_enabled": true,
            "guid": "NDQzODI1OXxBSU9QU3xXT1JLRkxPV3w4NDMyMzM3Mi0wZWU5LTRkNzItYWZjZi04NWZlNmRjMjhiNmE",
            "id": "84323372-0ee9-4d72-afcf-85fe6dc28b6a",
            "issues_filter": [
              {
                "filter_id": "ad59b3ee-d628-4173-852f-526c927a435d",
                "name": "Issue Filter",
                "predicate": [
                  {
                    "attribute": "labels.policyIds",
                    "operator": "EXACTLY_MATCHES",
                    "values": [
                      "1412271"
                    ]
                  }
                ],
                "type": "FILTER"
              }
            ],
            "last_run": "",
            "muting_rules_handling": "NOTIFY_ALL_ISSUES",
            "name": "SampleWorkflow",
            "workflow_id": "84323372-0ee9-4d72-afcf-85fe6dc28b6a"
          },
          "sensitive_attributes": [],
          "private": "eyJzY2hlbWFfdmVyc2lvbiI6IjEifQ==",
          "dependencies": [
            "module.alert_policy.newrelic_alert_policy.terraformmypolicy",
            "module.channel.newrelic_notification_channel.my_channel",
            "module.destination.newrelic_notification_destination.my_destination"
          ]
        }
      ]
    },
    {
      "module": "module.workload",
      "mode": "managed",
      "type": "newrelic_workload",
      "name": "foo",
      "provider": "module.workload.provider[\"registry.terraform.io/newrelic/newrelic\"]",
      "instances": [
        {
          "index_key": "2nd",
          "schema_version": 0,
          "attributes": {
            "account_id": 4438259,
            "composite_entity_search_query": "(accountId IN ('4438259')) AND ((id IN ('NDQzODI1OXxCUk9XU0VSfEFQUExJQ0FUSU9OfDUzODYxMTA1OQ')) OR (name like '%react1%')) AND id != 'NDQzODI1OXxOUjF8V09SS0xPQUR8MzQxMjc'",
            "description": null,
            "entity_guids": [
              "NDQzODI1OXxCUk9XU0VSfEFQUExJQ0FUSU9OfDUzODYxMTA1OQ"
            ],
            "entity_search_query": [
              {
                "query": "name like '%react1%'"
              }
            ],
            "guid": "NDQzODI1OXxOUjF8V09SS0xPQUR8MzQxMjc",
            "id": "4438259:34127:NDQzODI1OXxOUjF8V09SS0xPQUR8MzQxMjc",
            "name": "2nd2",
            "permalink": "https://one.eu.newrelic.com/redirect/entity/NDQzODI1OXxOUjF8V09SS0xPQUR8MzQxMjc",
            "scope_account_ids": [
              4438259
            ],
            "status_config_automatic": [],
            "status_config_static": [],
            "workload_id": 34127
          },
          "sensitive_attributes": [],
          "private": "bnVsbA=="
        },
        {
          "index_key": "ist",
          "schema_version": 0,
          "attributes": {
            "account_id": 4438259,
            "composite_entity_search_query": "(accountId IN ('4438259')) AND ((id IN ('NDQzODI1OXxBUE18QVBQTElDQVRJT058NDg4OTcwNjg4'))) AND id != 'NDQzODI1OXxOUjF8V09SS0xPQUR8MzQxMjg'",
            "description": null,
            "entity_guids": [
              "NDQzODI1OXxBUE18QVBQTElDQVRJT058NDg4OTcwNjg4"
            ],
            "entity_search_query": [],
            "guid": "NDQzODI1OXxOUjF8V09SS0xPQUR8MzQxMjg",
            "id": "4438259:34128:NDQzODI1OXxOUjF8V09SS0xPQUR8MzQxMjg",
            "name": "ist1",
            "permalink": "https://one.eu.newrelic.com/redirect/entity/NDQzODI1OXxOUjF8V09SS0xPQUR8MzQxMjg",
            "scope_account_ids": [
              4438259
            ],
            "status_config_automatic": [],
            "status_config_static": [],
            "workload_id": 34128
          },
          "sensitive_attributes": [],
          "private": "bnVsbA=="
        }
      ]
    }
  ],
  "check_results": null
}
