{
  "version": 4,
  "terraform_version": "1.7.0",
  "serial": 98,
  "lineage": "a0820f51-3944-46b9-8ef3-650862f9e56b",
  "outputs": {},
  "resources": [
    {
      "module": "module.alert_policy",
      "mode": "managed",
      "type": "newrelic_alert_policy",
      "name": "terraformmypolicy",
      "provider": "module.alert_policy.provider[\"registry.terraform.io/newrelic/newrelic\"]",
      "instances": [
        {
          "schema_version": 0,
          "attributes": {
            "account_id": 4438259,
            "channel_ids": null,
            "id": "1414870",
            "incident_preference": "PER_POLICY",
            "name": "firstpolicy"
          },
          "sensitive_attributes": [],
          "private": "bnVsbA=="
        }
      ]
    },
    {
      "module": "module.alert_policy",
      "mode": "managed",
      "type": "newrelic_nrql_alert_condition",
      "name": "istcondition",
      "provider": "module.alert_policy.provider[\"registry.terraform.io/newrelic/newrelic\"]",
      "instances": [
        {
          "index_key": "condition1",
          "schema_version": 0,
          "attributes": {
            "account_id": 4438259,
            "aggregation_delay": "120",
            "aggregation_method": "event_flow",
            "aggregation_timer": null,
            "aggregation_window": 60,
            "baseline_direction": null,
            "close_violations_on_expiration": true,
            "critical": [
              {
                "duration": 0,
                "operator": "above",
                "threshold": 1,
                "threshold_duration": 60,
                "threshold_occurrences": "all",
                "time_function": ""
              }
            ],
            "description": "Alert when transactions are taking too long",
            "enabled": true,
            "entity_guid": "NDQzODI1OXxBSU9QU3xDT05ESVRJT058NzI5ODcwNA",
            "evaluation_delay": null,
            "expiration_duration": 120,
            "fill_option": "static",
            "fill_value": 1,
            "id": "1414870:7298704",
            "name": "Condition 1",
            "nrql": [
              {
                "data_account_id": 0,
                "evaluation_offset": 0,
                "query": "SELECT average(duration) FROM Transaction where appName = 'mylink'",
                "since_value": ""
              }
            ],
            "open_violation_on_expiration": true,
            "policy_id": 1414870,
            "runbook_url": "https://www.example.com",
            "slide_by": 30,
            "term": [],
            "timeouts": null,
            "type": "static",
            "violation_time_limit": "NON_MATCHABLE_LIMIT_VALUE",
            "violation_time_limit_seconds": 300,
            "warning": [
              {
                "duration": 0,
                "operator": "above",
                "threshold": 1,
                "threshold_duration": 60,
                "threshold_occurrences": "all",
                "time_function": ""
              }
            ]
          },
          "sensitive_attributes": [],
          "private": "eyJlMmJmYjczMC1lY2FhLTExZTYtOGY4OC0zNDM2M2JjN2M0YzAiOnsiY3JlYXRlIjozMDAwMDAwMDAwMH19",
          "dependencies": [
            "module.alert_policy.newrelic_alert_policy.terraformmypolicy"
          ]
        },
        {
          "index_key": "condition2",
          "schema_version": 0,
          "attributes": {
            "account_id": 4438259,
            "aggregation_delay": "120",
            "aggregation_method": "event_flow",
            "aggregation_timer": null,
            "aggregation_window": 60,
            "baseline_direction": null,
            "close_violations_on_expiration": true,
            "critical": [
              {
                "duration": 0,
                "operator": "above",
                "threshold": 1,
                "threshold_duration": 60,
                "threshold_occurrences": "all",
                "time_function": ""
              }
            ],
            "description": "Alert when httpsttatus code is high",
            "enabled": true,
            "entity_guid": "NDQzODI1OXxBSU9QU3xDT05ESVRJT058NzI5ODcwMg",
            "evaluation_delay": null,
            "expiration_duration": 120,
            "fill_option": "static",
            "fill_value": 1,
            "id": "1414870:7298702",
            "name": "Condition 2",
            "nrql": [
              {
                "data_account_id": 0,
                "evaluation_offset": 0,
                "query": "SELECT count(http.statusCode)FROM Transaction WHERE appName='mylink'",
                "since_value": ""
              }
            ],
            "open_violation_on_expiration": true,
            "policy_id": 1414870,
            "runbook_url": "https://www.example.com",
            "slide_by": 30,
            "term": [],
            "timeouts": null,
            "type": "static",
            "violation_time_limit": "NON_MATCHABLE_LIMIT_VALUE",
            "violation_time_limit_seconds": 300,
            "warning": [
              {
                "duration": 0,
                "operator": "above",
                "threshold": 1,
                "threshold_duration": 60,
                "threshold_occurrences": "all",
                "time_function": ""
              }
            ]
          },
          "sensitive_attributes": [],
          "private": "eyJlMmJmYjczMC1lY2FhLTExZTYtOGY4OC0zNDM2M2JjN2M0YzAiOnsiY3JlYXRlIjozMDAwMDAwMDAwMH19",
          "dependencies": [
            "module.alert_policy.newrelic_alert_policy.terraformmypolicy"
          ]
        },
        {
          "index_key": "condition3",
          "schema_version": 0,
          "attributes": {
            "account_id": 4438259,
            "aggregation_delay": "120",
            "aggregation_method": "event_flow",
            "aggregation_timer": null,
            "aggregation_window": 60,
            "baseline_direction": null,
            "close_violations_on_expiration": true,
            "critical": [
              {
                "duration": 0,
                "operator": "above",
                "threshold": 1,
                "threshold_duration": 60,
                "threshold_occurrences": "all",
                "time_function": ""
              }
            ],
            "description": "Alert when total time is high ",
            "enabled": true,
            "entity_guid": "NDQzODI1OXxBSU9QU3xDT05ESVRJT058NzI5ODcwNg",
            "evaluation_delay": null,
            "expiration_duration": 120,
            "fill_option": "static",
            "fill_value": 1,
            "id": "1414870:7298706",
            "name": "Condition 3",
            "nrql": [
              {
                "data_account_id": 0,
                "evaluation_offset": 0,
                "query": "SELECT  sum(totalTime) FROM Transaction WHERE appName='mylink'",
                "since_value": ""
              }
            ],
            "open_violation_on_expiration": true,
            "policy_id": 1414870,
            "runbook_url": "https://www.example.com",
            "slide_by": 30,
            "term": [],
            "timeouts": null,
            "type": "static",
            "violation_time_limit": "NON_MATCHABLE_LIMIT_VALUE",
            "violation_time_limit_seconds": 300,
            "warning": [
              {
                "duration": 0,
                "operator": "above",
                "threshold": 1,
                "threshold_duration": 60,
                "threshold_occurrences": "all",
                "time_function": ""
              }
            ]
          },
          "sensitive_attributes": [],
          "private": "eyJlMmJmYjczMC1lY2FhLTExZTYtOGY4OC0zNDM2M2JjN2M0YzAiOnsiY3JlYXRlIjozMDAwMDAwMDAwMH19",
          "dependencies": [
            "module.alert_policy.newrelic_alert_policy.terraformmypolicy"
          ]
        },
        {
          "index_key": "condition4",
          "schema_version": 0,
          "attributes": {
            "account_id": 4438259,
            "aggregation_delay": "120",
            "aggregation_method": "event_flow",
            "aggregation_timer": null,
            "aggregation_window": 60,
            "baseline_direction": null,
            "close_violations_on_expiration": true,
            "critical": [
              {
                "duration": 0,
                "operator": "above",
                "threshold": 1,
                "threshold_duration": 60,
                "threshold_occurrences": "all",
                "time_function": ""
              }
            ],
            "description": "Alert when duration is high  on ping",
            "enabled": true,
            "entity_guid": "NDQzODI1OXxBSU9QU3xDT05ESVRJT058NzI5ODcwNQ",
            "evaluation_delay": null,
            "expiration_duration": 120,
            "fill_option": "static",
            "fill_value": 1,
            "id": "1414870:7298705",
            "name": "Condition 4",
            "nrql": [
              {
                "data_account_id": 0,
                "evaluation_offset": 0,
                "query": "SELECT average(duration) FROM SyntheticCheck WHERE monitorName = 'firstpingmonitor' FACET location",
                "since_value": ""
              }
            ],
            "open_violation_on_expiration": true,
            "policy_id": 1414870,
            "runbook_url": "https://www.example.com",
            "slide_by": 30,
            "term": [],
            "timeouts": null,
            "type": "static",
            "violation_time_limit": "NON_MATCHABLE_LIMIT_VALUE",
            "violation_time_limit_seconds": 300,
            "warning": [
              {
                "duration": 0,
                "operator": "above",
                "threshold": 1,
                "threshold_duration": 60,
                "threshold_occurrences": "all",
                "time_function": ""
              }
            ]
          },
          "sensitive_attributes": [],
          "private": "eyJlMmJmYjczMC1lY2FhLTExZTYtOGY4OC0zNDM2M2JjN2M0YzAiOnsiY3JlYXRlIjozMDAwMDAwMDAwMH19",
          "dependencies": [
            "module.alert_policy.newrelic_alert_policy.terraformmypolicy"
          ]
        },
        {
          "index_key": "condition5",
          "schema_version": 0,
          "attributes": {
            "account_id": 4438259,
            "aggregation_delay": "120",
            "aggregation_method": "event_flow",
            "aggregation_timer": null,
            "aggregation_window": 60,
            "baseline_direction": null,
            "close_violations_on_expiration": true,
            "critical": [
              {
                "duration": 0,
                "operator": "above",
                "threshold": 1,
                "threshold_duration": 60,
                "threshold_occurrences": "all",
                "time_function": ""
              }
            ],
            "description": "Alert when duration is high  on ",
            "enabled": true,
            "entity_guid": "NDQzODI1OXxBSU9QU3xDT05ESVRJT058NzI5ODcwMw",
            "evaluation_delay": null,
            "expiration_duration": 120,
            "fill_option": "static",
            "fill_value": 1,
            "id": "1414870:7298703",
            "name": "Condition 5",
            "nrql": [
              {
                "data_account_id": 0,
                "evaluation_offset": 0,
                "query": "SELECT count(*) FROM SyntheticCheck WHERE monitorName = 'pagelink'AND result !='FAILED'",
                "since_value": ""
              }
            ],
            "open_violation_on_expiration": true,
            "policy_id": 1414870,
            "runbook_url": "https://www.example.com",
            "slide_by": 30,
            "term": [],
            "timeouts": null,
            "type": "static",
            "violation_time_limit": "NON_MATCHABLE_LIMIT_VALUE",
            "violation_time_limit_seconds": 300,
            "warning": [
              {
                "duration": 0,
                "operator": "above",
                "threshold": 1,
                "threshold_duration": 60,
                "threshold_occurrences": "all",
                "time_function": ""
              }
            ]
          },
          "sensitive_attributes": [],
          "private": "eyJlMmJmYjczMC1lY2FhLTExZTYtOGY4OC0zNDM2M2JjN2M0YzAiOnsiY3JlYXRlIjozMDAwMDAwMDAwMH19",
          "dependencies": [
            "module.alert_policy.newrelic_alert_policy.terraformmypolicy"
          ]
        }
      ]
    },
    {
      "module": "module.api",
      "mode": "managed",
      "type": "newrelic_synthetics_script_monitor",
      "name": "scriptapimonitor",
      "provider": "module.api.provider[\"registry.terraform.io/newrelic/newrelic\"]",
      "instances": [
        {
          "index_key": "1",
          "schema_version": 0,
          "attributes": {
            "account_id": 4438259,
            "device_orientation": null,
            "device_type": null,
            "enable_screenshot_on_failure_and_script": null,
            "guid": "NDQzODI1OXxTWU5USHxNT05JVE9SfGZiNDE1YzVmLWQ5NGUtNDQ1Mi05ODBlLTU0NThkOTg3M2RiMQ",
            "id": "NDQzODI1OXxTWU5USHxNT05JVE9SfGZiNDE1YzVmLWQ5NGUtNDQ1Mi05ODBlLTU0NThkOTg3M2RiMQ",
            "location_private": [],
            "locations_public": [
              "AP_EAST_1",
              "AP_SOUTH_1"
            ],
            "name": "script_ api_monitor1",
            "period": "EVERY_DAY",
            "period_in_minutes": 1440,
            "runtime_type": null,
            "runtime_type_version": null,
            "script": "console.log('it works!')",
            "script_language": "JAVASCRIPT",
            "status": "ENABLED",
            "tag": [],
            "type": "SCRIPT_API"
          },
          "sensitive_attributes": [],
          "private": "bnVsbA=="
        }
      ]
    },
    {
      "module": "module.broken",
      "mode": "managed",
      "type": "newrelic_synthetics_broken_links_monitor",
      "name": "bro1",
      "provider": "module.broken.provider[\"registry.terraform.io/newrelic/newrelic\"]",
      "instances": [
        {
          "index_key": "1",
          "schema_version": 0,
          "attributes": {
            "account_id": 4438259,
            "guid": "NDQzODI1OXxTWU5USHxNT05JVE9SfDg5MGM1YzY2LTFjYjMtNGVmOS1iNGNmLTMzZjllYjRmYWYwYQ",
            "id": "NDQzODI1OXxTWU5USHxNT05JVE9SfDg5MGM1YzY2LTFjYjMtNGVmOS1iNGNmLTMzZjllYjRmYWYwYQ",
            "locations_private": null,
            "locations_public": [
              "AP_SOUTH_1"
            ],
            "name": "Sample Broken Links Monitor1",
            "period": "EVERY_DAY",
            "period_in_minutes": 1440,
            "runtime_type": null,
            "runtime_type_version": null,
            "status": "ENABLED",
            "tag": [],
            "uri": "https://www.one.example.com"
          },
          "sensitive_attributes": [],
          "private": "bnVsbA=="
        }
      ]
    },
    {
      "module": "module.browser",
      "mode": "managed",
      "type": "newrelic_synthetics_monitor",
      "name": "simple_browser_monitor",
      "provider": "module.browser.provider[\"registry.terraform.io/newrelic/newrelic\"]",
      "instances": [
        {
          "index_key": "i",
          "schema_version": 0,
          "attributes": {
            "account_id": null,
            "bypass_head_request": null,
            "custom_header": [],
            "device_orientation": "",
            "device_type": "",
            "enable_screenshot_on_failure_and_script": null,
            "id": "NDQzODI1OXxTWU5USHxNT05JVE9SfDExMzExMmMwLTA2OWMtNDg2NC1hMjU0LTNlNmRjNDNlYjM0Zg",
            "locations_private": null,
            "locations_public": [
              "AP_SOUTH_1"
            ],
            "name": "simple_browser_monitor1",
            "period": "EVERY_DAY",
            "period_in_minutes": 1440,
            "runtime_type": null,
            "runtime_type_version": null,
            "script_language": null,
            "status": "ENABLED",
            "tag": [],
            "treat_redirect_as_failure": null,
            "type": "BROWSER",
            "uri": "https://www.one.newrelic.com",
            "validation_string": "",
            "verify_ssl": false
          },
          "sensitive_attributes": [],
          "private": "bnVsbA=="
        }
      ]
    },
    {
      "module": "module.certificate",
      "mode": "managed",
      "type": "newrelic_synthetics_cert_check_monitor",
      "name": "certificte",
      "provider": "module.certificate.provider[\"registry.terraform.io/newrelic/newrelic\"]",
      "instances": [
        {
          "index_key": "1",
          "schema_version": 0,
          "attributes": {
            "account_id": 4438259,
            "certificate_expiration": 10,
            "domain": "www.example.com",
            "id": "NDQzODI1OXxTWU5USHxNT05JVE9SfDZiODAyNWNjLTFmMDItNDg5NS05ZjUwLTkyZTQyZjRjMGQ2Ng",
            "locations_private": null,
            "locations_public": [
              "AP_SOUTH_1"
            ],
            "name": "Sample Cert Check Monitor1",
            "period": "EVERY_DAY",
            "period_in_minutes": 1440,
            "runtime_type": null,
            "runtime_type_version": null,
            "status": "ENABLED",
            "tag": []
          },
          "sensitive_attributes": [],
          "private": "bnVsbA=="
        }
      ]
    },
    {
      "module": "module.channel",
      "mode": "managed",
      "type": "newrelic_notification_channel",
      "name": "my_channel",
      "provider": "module.channel.provider[\"registry.terraform.io/newrelic/newrelic\"]",
      "instances": [
        {
          "index_key": "channel1",
          "schema_version": 0,
          "attributes": {
            "account_id": 4438259,
            "active": true,
            "destination_id": "c8218aa5-59f4-4eb7-af11-96a79b6d5bd0",
            "id": "9cff6d78-e270-4d3d-96d8-25e581fe91b2",
            "name": "channel",
            "product": "IINT",
            "property": [
              {
                "display_value": "",
                "key": "Alert!",
                "label": "",
                "value": "alert on synthetic"
              },
              {
                "display_value": "",
                "key": "subject",
                "label": "",
                "value": "alert arise"
              }
            ],
            "status": "DEFAULT",
            "type": "EMAIL"
          },
          "sensitive_attributes": [],
          "private": "bnVsbA==",
          "dependencies": [
            "module.destination.newrelic_notification_destination.my_destination"
          ]
        }
      ]
    },
    {
      "module": "module.dash",
      "mode": "managed",
      "type": "newrelic_one_dashboard",
      "name": "exampledash",
      "provider": "module.dash.provider[\"registry.terraform.io/newrelic/newrelic\"]",
      "instances": [
        {
          "schema_version": 0,
          "attributes": {
            "account_id": 4438259,
            "description": null,
            "guid": "NDQzODI1OXxWSVp8REFTSEJPQVJEfGRhOjQxNjQxMQ",
            "id": "NDQzODI1OXxWSVp8REFTSEJPQVJEfGRhOjQxNjQxMQ",
            "name": "mydsahboard using dynamiv",
            "page": [
              {
                "description": "",
                "guid": "NDQzODI1OXxWSVp8REFTSEJPQVJEfDE5MzEzODE",
                "name": "my New Relic Terraform Example1",
                "widget_area": [],
                "widget_bar": [
                  {
                    "colors": [],
                    "column": 7,
                    "facet_show_other_series": false,
                    "filter_current_dashboard": false,
                    "height": 3,
                    "id": "32377131",
                    "ignore_time_range": false,
                    "legend_enabled": true,
                    "linked_entity_guids": [],
                    "nrql_query": [
                      {
                        "account_id": 4438259,
                        "query": "SELECT count(*) FROM Transaction  since 7 days ago FACET  weekdayOf(timestamp)"
                      }
                    ],
                    "null_values": [],
                    "row": 1,
                    "title": "bar widget",
                    "units": [],
                    "width": 6,
                    "y_axis_left_max": 0,
                    "y_axis_left_min": 0
                  },
                  {
                    "colors": [],
                    "column": 7,
                    "facet_show_other_series": false,
                    "filter_current_dashboard": false,
                    "height": 3,
                    "id": "32377132",
                    "ignore_time_range": false,
                    "legend_enabled": true,
                    "linked_entity_guids": [],
                    "nrql_query": [
                      {
                        "account_id": 4438259,
                        "query": "SELECT count(*) FROM Transaction  since 7 days ago FACET  weekdayOf(timestamp)"
                      }
                    ],
                    "null_values": [],
                    "row": 1,
                    "title": "bar widget",
                    "units": [],
                    "width": 6,
                    "y_axis_left_max": 0,
                    "y_axis_left_min": 0
                  },
                  {
                    "colors": [],
                    "column": 7,
                    "facet_show_other_series": false,
                    "filter_current_dashboard": false,
                    "height": 3,
                    "id": "32377133",
                    "ignore_time_range": false,
                    "legend_enabled": true,
                    "linked_entity_guids": [],
                    "nrql_query": [
                      {
                        "account_id": 4438259,
                        "query": "SELECT count(*) FROM Transaction  since 7 days ago FACET  weekdayOf(timestamp)"
                      }
                    ],
                    "null_values": [],
                    "row": 1,
                    "title": "bar widget",
                    "units": [],
                    "width": 6,
                    "y_axis_left_max": 0,
                    "y_axis_left_min": 0
                  }
                ],
                "widget_billboard": [
                  {
                    "colors": [],
                    "column": 1,
                    "critical": "",
                    "facet_show_other_series": false,
                    "height": 3,
                    "id": "32377134",
                    "ignore_time_range": false,
                    "legend_enabled": true,
                    "nrql_query": [
                      {
                        "account_id": 4438259,
                        "query": "SELECT average(duration) FROM SyntheticCheck WHERE monitorName = 'firstpingmonitor'FACET location"
                      }
                    ],
                    "null_values": [],
                    "row": 1,
                    "title": "duration  2nd billboard of synthetic check",
                    "units": [],
                    "warning": "",
                    "width": 6,
                    "y_axis_left_max": 0,
                    "y_axis_left_min": 0
                  },
                  {
                    "colors": [],
                    "column": 1,
                    "critical": "",
                    "facet_show_other_series": false,
                    "height": 3,
                    "id": "32377135",
                    "ignore_time_range": false,
                    "legend_enabled": true,
                    "nrql_query": [
                      {
                        "account_id": 4438259,
                        "query": "SELECT average(duration) FROM SyntheticCheck WHERE monitorName = 'firstpingmonitor'FACET location"
                      }
                    ],
                    "null_values": [],
                    "row": 1,
                    "title": "duration  2nd billboard of synthetic check",
                    "units": [],
                    "warning": "",
                    "width": 6,
                    "y_axis_left_max": 0,
                    "y_axis_left_min": 0
                  },
                  {
                    "colors": [],
                    "column": 1,
                    "critical": "",
                    "facet_show_other_series": false,
                    "height": 3,
                    "id": "32377136",
                    "ignore_time_range": false,
                    "legend_enabled": true,
                    "nrql_query": [
                      {
                        "account_id": 4438259,
                        "query": "SELECT average(duration) FROM SyntheticCheck WHERE monitorName = 'firstpingmonitor'FACET location"
                      }
                    ],
                    "null_values": [],
                    "row": 1,
                    "title": "duration  ist billboard of synthetic check",
                    "units": [],
                    "warning": "",
                    "width": 6,
                    "y_axis_left_max": 0,
                    "y_axis_left_min": 0
                  }
                ],
                "widget_bullet": [],
                "widget_funnel": [],
                "widget_heatmap": [],
                "widget_histogram": [],
                "widget_json": [],
                "widget_line": [
                  {
                    "colors": [],
                    "column": 7,
                    "facet_show_other_series": false,
                    "height": 3,
                    "id": "32377138",
                    "ignore_time_range": false,
                    "is_label_visible": false,
                    "legend_enabled": true,
                    "nrql_query": [
                      {
                        "account_id": 4438259,
                        "query": "SELECT count(*) from Transaction WHERE appName='mylink'  SINCE  7 day ago TIMESERIES"
                      }
                    ],
                    "null_values": [],
                    "row": 4,
                    "threshold": [],
                    "title": "line",
                    "units": [],
                    "width": 6,
                    "y_axis_left_max": 0,
                    "y_axis_left_min": 0,
                    "y_axis_left_zero": false,
                    "y_axis_right": []
                  },
                  {
                    "colors": [],
                    "column": 7,
                    "facet_show_other_series": false,
                    "height": 3,
                    "id": "32377137",
                    "ignore_time_range": false,
                    "is_label_visible": false,
                    "legend_enabled": true,
                    "nrql_query": [
                      {
                        "account_id": 4438259,
                        "query": "SELECT count(*) from Transaction WHERE appName='mylink'  SINCE  7 day ago TIMESERIES"
                      }
                    ],
                    "null_values": [],
                    "row": 4,
                    "threshold": [],
                    "title": "line",
                    "units": [],
                    "width": 6,
                    "y_axis_left_max": 0,
                    "y_axis_left_min": 0,
                    "y_axis_left_zero": false,
                    "y_axis_right": []
                  },
                  {
                    "colors": [],
                    "column": 7,
                    "facet_show_other_series": false,
                    "height": 3,
                    "id": "32377139",
                    "ignore_time_range": false,
                    "is_label_visible": false,
                    "legend_enabled": true,
                    "nrql_query": [
                      {
                        "account_id": 4438259,
                        "query": "SELECT count(*) from Transaction WHERE appName='mylink'  SINCE  7 day ago TIMESERIES"
                      }
                    ],
                    "null_values": [],
                    "row": 4,
                    "threshold": [],
                    "title": "line",
                    "units": [],
                    "width": 6,
                    "y_axis_left_max": 0,
                    "y_axis_left_min": 0,
                    "y_axis_left_zero": false,
                    "y_axis_right": []
                  }
                ],
                "widget_log_table": [],
                "widget_markdown": [
                  {
                    "colors": [],
                    "column": 1,
                    "facet_show_other_series": false,
                    "height": 3,
                    "id": "32377140",
                    "ignore_time_range": false,
                    "legend_enabled": true,
                    "null_values": [],
                    "row": 7,
                    "text": "### Helpful Links\n\n* [New Relic One](https://one.newrelic.com)\n* [Developer Portal](https://developer.newrelic.com)",
                    "title": "Dashboard Note",
                    "units": [],
                    "width": 12,
                    "y_axis_left_max": 0,
                    "y_axis_left_min": 0
                  },
                  {
                    "colors": [],
                    "column": 1,
                    "facet_show_other_series": false,
                    "height": 3,
                    "id": "32377141",
                    "ignore_time_range": false,
                    "legend_enabled": true,
                    "null_values": [],
                    "row": 7,
                    "text": "### Helpful Links\n\n* [New Relic One](https://one.newrelic.com)\n* [Developer Portal](https://developer.newrelic.com)",
                    "title": "Dashboard Note",
                    "units": [],
                    "width": 12,
                    "y_axis_left_max": 0,
                    "y_axis_left_min": 0
                  },
                  {
                    "colors": [],
                    "column": 1,
                    "facet_show_other_series": false,
                    "height": 3,
                    "id": "32377142",
                    "ignore_time_range": false,
                    "legend_enabled": true,
                    "null_values": [],
                    "row": 7,
                    "text": "### Helpful Links\n\n* [New Relic One](https://one.newrelic.com)\n* [Developer Portal](https://developer.newrelic.com)",
                    "title": "Dashboard Note",
                    "units": [],
                    "width": 12,
                    "y_axis_left_max": 0,
                    "y_axis_left_min": 0
                  }
                ],
                "widget_pie": [],
                "widget_stacked_bar": [],
                "widget_table": [
                  {
                    "colors": [],
                    "column": 1,
                    "facet_show_other_series": false,
                    "filter_current_dashboard": false,
                    "height": 3,
                    "id": "32377143",
                    "ignore_time_range": false,
                    "legend_enabled": true,
                    "linked_entity_guids": [],
                    "nrql_query": [
                      {
                        "account_id": 4438259,
                        "query": "SELECT count(*), average(duration), max(duration), min(duration) FROM Transaction FACET name SINCE 7 day ago"
                      }
                    ],
                    "null_values": [],
                    "row": 13,
                    "threshold": [],
                    "title": "Table",
                    "units": [],
                    "width": 6,
                    "y_axis_left_max": 0,
                    "y_axis_left_min": 0
                  },
                  {
                    "colors": [],
                    "column": 1,
                    "facet_show_other_series": false,
                    "filter_current_dashboard": false,
                    "height": 3,
                    "id": "32377144",
                    "ignore_time_range": false,
                    "legend_enabled": true,
                    "linked_entity_guids": [],
                    "nrql_query": [
                      {
                        "account_id": 4438259,
                        "query": "SELECT count(*), average(duration), max(duration), min(duration) FROM Transaction FACET name SINCE 7 day ago"
                      }
                    ],
                    "null_values": [],
                    "row": 13,
                    "threshold": [],
                    "title": "Table",
                    "units": [],
                    "width": 6,
                    "y_axis_left_max": 0,
                    "y_axis_left_min": 0
                  },
                  {
                    "colors": [],
                    "column": 1,
                    "facet_show_other_series": false,
                    "filter_current_dashboard": false,
                    "height": 3,
                    "id": "32377145",
                    "ignore_time_range": false,
                    "legend_enabled": true,
                    "linked_entity_guids": [],
                    "nrql_query": [
                      {
                        "account_id": 4438259,
                        "query": "SELECT count(*), average(duration), max(duration), min(duration) FROM Transaction FACET name SINCE 7 day ago"
                      }
                    ],
                    "null_values": [],
                    "row": 13,
                    "threshold": [],
                    "title": "Table",
                    "units": [],
                    "width": 6,
                    "y_axis_left_max": 0,
                    "y_axis_left_min": 0
                  }
                ]
              }
            ],
            "permalink": "https://one.eu.newrelic.com/redirect/entity/NDQzODI1OXxWSVp8REFTSEJPQVJEfGRhOjQxNjQxMQ",
            "permissions": "public_read_only",
            "variable": []
          },
          "sensitive_attributes": [],
          "private": "bnVsbA=="
        }
      ]
    },
    {
      "module": "module.destination",
      "mode": "managed",
      "type": "newrelic_notification_destination",
      "name": "my_destination",
      "provider": "module.destination.provider[\"registry.terraform.io/newrelic/newrelic\"]",
      "instances": [
        {
          "index_key": "my",
          "schema_version": 1,
          "attributes": {
            "account_id": 4438259,
            "active": true,
            "auth_basic": [],
            "auth_custom_header": [],
            "auth_token": [],
            "guid": "NDQzODI1OXxBSU9QU3xERVNUSU5BVElPTnxjODIxOGFhNS01OWY0LTRlYjctYWYxMS05NmE3OWI2ZDViZDA",
            "id": "c8218aa5-59f4-4eb7-af11-96a79b6d5bd0",
            "last_sent": "",
            "name": "istdestination",
            "property": [
              {
                "display_value": "",
                "key": "email",
                "label": "",
                "value": "prachiwadhwa2001@gmail.com"
              }
            ],
            "secure_url": [],
            "status": "DEFAULT",
            "type": "EMAIL"
          },
          "sensitive_attributes": [],
          "private": "eyJzY2hlbWFfdmVyc2lvbiI6IjEifQ=="
        }
      ]
    },
    {
      "module": "module.drop_rule",
      "mode": "managed",
      "type": "newrelic_nrql_drop_rule",
      "name": "bar",
      "provider": "module.drop_rule.provider[\"registry.terraform.io/newrelic/newrelic\"]",
      "instances": [
        {
          "index_key": "1",
          "schema_version": 0,
          "attributes": {
            "account_id": 4438259,
            "action": "drop_attributes",
            "description": "drping atribute",
            "id": "4438259:541276",
            "nrql": "SELECT userEmail, userName FROM MyCustomEvent",
            "rule_id": "541276"
          },
          "sensitive_attributes": [],
          "private": "bnVsbA=="
        }
      ]
    },
    {
      "module": "module.log",
      "mode": "managed",
      "type": "newrelic_log_parsing_rule",
      "name": "foo",
      "provider": "module.log.provider[\"registry.terraform.io/newrelic/newrelic\"]",
      "instances": [
        {
          "index_key": "1",
          "schema_version": 0,
          "attributes": {
            "account_id": null,
            "attribute": "message",
            "deleted": null,
            "enabled": true,
            "grok": "sampleattribute='%{NUMBER:test:int}'",
            "id": "5768",
            "lucene": "logtype:linux_messages",
            "matched": null,
            "name": "log_parse_rule1",
            "nrql": "SELECT * FROM Log WHERE logtype = 'linux_messages'"
          },
          "sensitive_attributes": [],
          "private": "bnVsbA=="
        }
      ]
    },
    {
      "module": "module.ping-synthetic",
      "mode": "managed",
      "type": "newrelic_synthetics_monitor",
      "name": "monitor",
      "provider": "module.ping-synthetic.provider[\"registry.terraform.io/newrelic/newrelic\"]",
      "instances": [
        {
          "index_key": "1",
          "schema_version": 0,
          "attributes": {
            "account_id": null,
            "bypass_head_request": null,
            "custom_header": [],
            "device_orientation": "",
            "device_type": "",
            "enable_screenshot_on_failure_and_script": null,
            "id": "NDQzODI1OXxTWU5USHxNT05JVE9SfDI1Y2JhNmE5LTM1YTMtNGJlZC1hNWI1LThkMmQwOWUxNjU2Yg",
            "locations_private": null,
            "locations_public": [
              "AP_SOUTH_1"
            ],
            "name": "pingda2",
            "period": "EVERY_DAY",
            "period_in_minutes": 1440,
            "runtime_type": null,
            "runtime_type_version": null,
            "script_language": null,
            "status": "ENABLED",
            "tag": [],
            "treat_redirect_as_failure": null,
            "type": "SIMPLE",
            "uri": "https://www.one.newrelic.com",
            "validation_string": "",
            "verify_ssl": false
          },
          "sensitive_attributes": [],
          "private": "bnVsbA=="
        }
      ]
    },
    {
      "module": "module.script_synthetic",
      "mode": "managed",
      "type": "newrelic_synthetics_script_monitor",
      "name": "scrimonitor",
      "provider": "module.script_synthetic.provider[\"registry.terraform.io/newrelic/newrelic\"]",
      "instances": [
        {
          "index_key": "1",
          "schema_version": 0,
          "attributes": {
            "account_id": 4438259,
            "device_orientation": null,
            "device_type": null,
            "enable_screenshot_on_failure_and_script": false,
            "guid": "NDQzODI1OXxTWU5USHxNT05JVE9SfDQ4YTk0N2QyLWVmNjMtNDc5Ni1iOTk3LThkNWQyZGQxODA0Mg",
            "id": "NDQzODI1OXxTWU5USHxNT05JVE9SfDQ4YTk0N2QyLWVmNjMtNDc5Ni1iOTk3LThkNWQyZGQxODA0Mg",
            "location_private": [],
            "locations_public": [
              "AP_EAST_1",
              "AP_SOUTH_1"
            ],
            "name": "script_monitor_script1",
            "period": "EVERY_DAY",
            "period_in_minutes": 1440,
            "runtime_type": null,
            "runtime_type_version": null,
            "script": "\r\n\r\nconst assert = require('assert');\r\n\r\n// Load the webpage\r\n$browser.get('http://prachi-bucket-1.s3-website.ap-south-1.amazonaws.com')\r\n  .then(() =\u003e {\r\n    // Find the HTML textarea and input some HTML code\r\n    return $browser.findElement($driver.By.id('html-code')).sendKeys('\u003ch2\u003eHello, World!\u003c/h2\u003e');\r\n  })\r\n  .then(() =\u003e {\r\n    // Find the CSS textarea and input some CSS code\r\n    return $browser.findElement($driver.By.id('css-code')).sendKeys('h2 { color: red; }');\r\n  })\r\n  .then(() =\u003e {\r\n    // Find the JavaScript textarea and input some JavaScript code\r\n    return $browser.findElement($driver.By.id('js-code')).sendKeys('console.log(\"Hello from JavaScript\");');\r\n  })\r\n  .then(() =\u003e {\r\n    // Wait for the output iframe to reflect the changes (assuming run() is triggered automatically)\r\n    return $browser.wait($driver.until.elementLocated($driver.By.id('output')), 10000);\r\n  })\r\n  .then((iframe) =\u003e {\r\n    // Switch to the iframe context\r\n    return $browser.switchTo().frame(iframe);\r\n  })\r\n  .then(() =\u003e {\r\n    // Verify the HTML content in the iframe\r\n    return $browser.findElement($driver.By.css('h2')).getText();\r\n  })\r\n  .then((text) =\u003e {\r\n    assert.equal(text, 'Hello, World!');\r\n  })\r\n  .then(() =\u003e {\r\n    // Verify the CSS styling (color should be red)\r\n    return $browser.findElement($driver.By.css('h2')).getCssValue('color');\r\n  })\r\n  .then((color) =\u003e {\r\n    assert.equal(color, 'rgb(255, 0, 0)'); // Red color in RGB format\r\n  })\r\n  .then(() =\u003e {\r\n    console.log('Script executed successfully');\r\n  })\r\n  .catch((error) =\u003e {\r\n    console.error('Script failed: ', error);\r\n  });\r\n",
            "script_language": "JAVASCRIPT",
            "status": "ENABLED",
            "tag": [],
            "type": "SCRIPT_BROWSER"
          },
          "sensitive_attributes": [],
          "private": "bnVsbA=="
        }
      ]
    },
    {
      "module": "module.servicelevels",
      "mode": "managed",
      "type": "newrelic_service_level",
      "name": "myservicelevelteraf",
      "provider": "module.servicelevels.provider[\"registry.terraform.io/newrelic/newrelic\"]",
      "instances": [
        {
          "index_key": "level1",
          "schema_version": 0,
          "attributes": {
            "description": "servicelevel1 on mylink",
            "events": [
              {
                "account_id": 4438259,
                "bad_events": [
                  {
                    "from": "Transaction",
                    "select": [],
                    "where": "appName = 'mylink'"
                  }
                ],
                "good_events": [],
                "valid_events": [
                  {
                    "from": "PageView",
                    "select": [],
                    "where": "appName = 'react1'"
                  }
                ]
              }
            ],
            "guid": "NDQzODI1OXxBUE18QVBQTElDQVRJT058NDg4OTcwNjg4",
            "id": "4438259:319725:NDQzODI1OXxBUE18QVBQTElDQVRJT058NDg4OTcwNjg4",
            "name": "level1",
            "objective": [
              {
                "description": "",
                "name": "",
                "target": 10,
                "time_window": [
                  {
                    "rolling": [
                      {
                        "count": 28,
                        "unit": "DAY"
                      }
                    ]
                  }
                ]
              }
            ],
            "sli_guid": "NDQzODI1OXxFWFR8U0VSVklDRV9MRVZFTHwzMTk3MjU",
            "sli_id": "319725"
          },
          "sensitive_attributes": [],
          "private": "bnVsbA=="
        },
        {
          "index_key": "level2",
          "schema_version": 0,
          "attributes": {
            "description": "servicelevel on react1",
            "events": [
              {
                "account_id": 4438259,
                "bad_events": [],
                "good_events": [
                  {
                    "from": "PageView",
                    "select": [],
                    "where": "appName = 'react1'"
                  }
                ],
                "valid_events": [
                  {
                    "from": "PageView",
                    "select": [],
                    "where": "appName = 'react1'"
                  }
                ]
              }
            ],
            "guid": "NDQzODI1OXxCUk9XU0VSfEFQUExJQ0FUSU9OfDUzODYxMTA1OQ",
            "id": "4438259:319724:NDQzODI1OXxCUk9XU0VSfEFQUExJQ0FUSU9OfDUzODYxMTA1OQ",
            "name": "level2",
            "objective": [
              {
                "description": "",
                "name": "",
                "target": 30,
                "time_window": [
                  {
                    "rolling": [
                      {
                        "count": 7,
                        "unit": "DAY"
                      }
                    ]
                  }
                ]
              }
            ],
            "sli_guid": "NDQzODI1OXxFWFR8U0VSVklDRV9MRVZFTHwzMTk3MjQ",
            "sli_id": "319724"
          },
          "sensitive_attributes": [],
          "private": "bnVsbA=="
        },
        {
          "index_key": "level3",
          "schema_version": 0,
          "attributes": {
            "description": "servicelevel on page monitor",
            "events": [
              {
                "account_id": 4438259,
                "bad_events": [],
                "good_events": [
                  {
                    "from": "SynthetiCheck",
                    "select": [],
                    "where": "monitorName = 'firstpingmonitor'"
                  }
                ],
                "valid_events": [
                  {
                    "from": "PageView",
                    "select": [],
                    "where": "appName = 'react1'"
                  }
                ]
              }
            ],
            "guid": "NDQzODI1OXxTWU5USHxNT05JVE9SfDRjMjEwYjQ4LWViY2YtNGI1ZS1hYThhLTAzZTRlOWFjZWI1Ng",
            "id": "4438259:319726:NDQzODI1OXxTWU5USHxNT05JVE9SfDRjMjEwYjQ4LWViY2YtNGI1ZS1hYThhLTAzZTRlOWFjZWI1Ng",
            "name": "level3",
            "objective": [
              {
                "description": "",
                "name": "",
                "target": 30,
                "time_window": [
                  {
                    "rolling": [
                      {
                        "count": 7,
                        "unit": "DAY"
                      }
                    ]
                  }
                ]
              }
            ],
            "sli_guid": "NDQzODI1OXxFWFR8U0VSVklDRV9MRVZFTHwzMTk3MjY",
            "sli_id": "319726"
          },
          "sensitive_attributes": [],
          "private": "bnVsbA=="
        },
        {
          "index_key": "level4",
          "schema_version": 0,
          "attributes": {
            "description": "servicelevel on pagelinkmonitor",
            "events": [
              {
                "account_id": 4438259,
                "bad_events": [],
                "good_events": [
                  {
                    "from": "SynthetiCheck",
                    "select": [],
                    "where": "monitorName = 'pagelink'"
                  }
                ],
                "valid_events": [
                  {
                    "from": "PageView",
                    "select": [],
                    "where": "appName = 'react1'"
                  }
                ]
              }
            ],
            "guid": "NDQzODI1OXxTWU5USHxNT05JVE9SfDdiZmJkMmE2LWEwOTMtNDg3OC1hNzY3LTlhNWJkYzYzZWIwNQ",
            "id": "4438259:319722:NDQzODI1OXxTWU5USHxNT05JVE9SfDdiZmJkMmE2LWEwOTMtNDg3OC1hNzY3LTlhNWJkYzYzZWIwNQ",
            "name": "level4",
            "objective": [
              {
                "description": "",
                "name": "",
                "target": 20,
                "time_window": [
                  {
                    "rolling": [
                      {
                        "count": 1,
                        "unit": "DAY"
                      }
                    ]
                  }
                ]
              }
            ],
            "sli_guid": "NDQzODI1OXxFWFR8U0VSVklDRV9MRVZFTHwzMTk3MjI",
            "sli_id": "319722"
          },
          "sensitive_attributes": [],
          "private": "bnVsbA=="
        },
        {
          "index_key": "level5",
          "schema_version": 0,
          "attributes": {
            "description": "servicelevel on  host monitor",
            "events": [
              {
                "account_id": 4438259,
                "bad_events": [],
                "good_events": [
                  {
                    "from": "ProcessSample",
                    "select": [],
                    "where": "hostName = 'DESKTOP-Q5BUHLN'"
                  }
                ],
                "valid_events": [
                  {
                    "from": "PageView",
                    "select": [],
                    "where": "appName = 'react1'"
                  }
                ]
              }
            ],
            "guid": "NDQzODI1OXxJTkZSQXxOQXw2MDI5NzM0MTI0NjQ0MTU2Mzc",
            "id": "4438259:319723:NDQzODI1OXxJTkZSQXxOQXw2MDI5NzM0MTI0NjQ0MTU2Mzc",
            "name": "level5",
            "objective": [
              {
                "description": "",
                "name": "",
                "target": 10,
                "time_window": [
                  {
                    "rolling": [
                      {
                        "count": 7,
                        "unit": "DAY"
                      }
                    ]
                  }
                ]
              }
            ],
            "sli_guid": "NDQzODI1OXxFWFR8U0VSVklDRV9MRVZFTHwzMTk3MjM",
            "sli_id": "319723"
          },
          "sensitive_attributes": [],
          "private": "bnVsbA=="
        }
      ]
    },
    {
      "module": "module.step",
      "mode": "managed",
      "type": "newrelic_synthetics_step_monitor",
      "name": "step",
      "provider": "module.step.provider[\"registry.terraform.io/newrelic/newrelic\"]",
      "instances": [
        {
          "index_key": "1",
          "schema_version": 0,
          "attributes": {
            "account_id": 4438259,
            "enable_screenshot_on_failure_and_script": true,
            "guid": "NDQzODI1OXxTWU5USHxNT05JVE9SfDBmZGU1Nzk4LTQ0MmQtNGYyZi04NDJjLTRkNWI4ZWMyNjVlMA",
            "id": "NDQzODI1OXxTWU5USHxNT05JVE9SfDBmZGU1Nzk4LTQ0MmQtNGYyZi04NDJjLTRkNWI4ZWMyNjVlMA",
            "location_private": [],
            "locations_public": [
              "US_EAST_1",
              "US_EAST_2"
            ],
            "name": "Sample Step Monitor1",
            "period": "EVERY_DAY",
            "period_in_minutes": 1440,
            "runtime_type": null,
            "runtime_type_version": null,
            "status": "ENABLED",
            "steps": [
              {
                "ordinal": 0,
                "type": "NAVIGATE",
                "values": [
                  "https://www.newrelic.com"
                ]
              }
            ],
            "tag": []
          },
          "sensitive_attributes": [],
          "private": "bnVsbA=="
        }
      ]
    },
    {
      "module": "module.tags",
      "mode": "managed",
      "type": "newrelic_entity_tags",
      "name": "foo",
      "provider": "module.tags.provider[\"registry.terraform.io/newrelic/newrelic\"]",
      "instances": [
        {
          "index_key": "1",
          "schema_version": 0,
          "attributes": {
            "guid": "NDQzODI1OXxBUE18QVBQTElDQVRJT058NDg4OTcwNjg4",
            "id": "NDQzODI1OXxBUE18QVBQTElDQVRJT058NDg4OTcwNjg4",
            "tag": [
              {
                "key": "apm-monitoring",
                "values": [
                  "Backend",
                  "frontend"
                ]
              },
              {
                "key": "monitor",
                "values": [
                  "apm"
                ]
              }
            ],
            "timeouts": null
          },
          "sensitive_attributes": [],
          "private": "eyJlMmJmYjczMC1lY2FhLTExZTYtOGY4OC0zNDM2M2JjN2M0YzAiOnsiY3JlYXRlIjo2MDAwMDAwMDAwMH19"
        }
      ]
    },
    {
      "module": "module.workflow",
      "mode": "managed",
      "type": "newrelic_workflow",
      "name": "sample_workflow",
      "provider": "module.workflow.provider[\"registry.terraform.io/newrelic/newrelic\"]",
      "instances": [
        {
          "index_key": "worflow100",
          "schema_version": 1,
          "attributes": {
            "account_id": 4438259,
            "destination": [
              {
                "channel_id": "9cff6d78-e270-4d3d-96d8-25e581fe91b2",
                "name": "channel",
                "notification_triggers": [
                  "ACKNOWLEDGED",
                  "ACTIVATED",
                  "CLOSED"
                ],
                "type": "EMAIL",
                "update_original_message": true
              }
            ],
            "destinations_enabled": true,
            "enabled": true,
            "enrichments": [],
            "enrichments_enabled": true,
            "guid": "NDQzODI1OXxBSU9QU3xXT1JLRkxPV3xmYTRhNzliMC1hOWRhLTQ4NTAtYjE4Mi0zZGYzNzI1YTA3ZDg",
            "id": "fa4a79b0-a9da-4850-b182-3df3725a07d8",
            "issues_filter": [
              {
                "filter_id": "7b4696e8-85e9-4bbd-9bf1-fc582451d9c2",
                "name": "Issue Filter",
                "predicate": [
                  {
                    "attribute": "labels.policyIds",
                    "operator": "EXACTLY_MATCHES",
                    "values": [
                      "1414870"
                    ]
                  }
                ],
                "type": "FILTER"
              }
            ],
            "last_run": "",
            "muting_rules_handling": "NOTIFY_ALL_ISSUES",
            "name": "SampleWorkflow1",
            "workflow_id": "fa4a79b0-a9da-4850-b182-3df3725a07d8"
          },
          "sensitive_attributes": [],
          "private": "eyJzY2hlbWFfdmVyc2lvbiI6IjEifQ==",
          "dependencies": [
            "module.alert_policy.newrelic_alert_policy.terraformmypolicy",
            "module.channel.newrelic_notification_channel.my_channel",
            "module.destination.newrelic_notification_destination.my_destination"
          ]
        }
      ]
    },
    {
      "module": "module.workload",
      "mode": "managed",
      "type": "newrelic_workload",
      "name": "foo",
      "provider": "module.workload.provider[\"registry.terraform.io/newrelic/newrelic\"]",
      "instances": [
        {
          "index_key": "2nd",
          "schema_version": 0,
          "attributes": {
            "account_id": 4438259,
            "composite_entity_search_query": "(accountId IN ('4438259')) AND ((id IN ('NDQzODI1OXxCUk9XU0VSfEFQUExJQ0FUSU9OfDUzODYxMTA1OQ')) OR (name like '%react1%')) AND id != 'NDQzODI1OXxOUjF8V09SS0xPQUR8MzQyNTM'",
            "description": null,
            "entity_guids": [
              "NDQzODI1OXxCUk9XU0VSfEFQUExJQ0FUSU9OfDUzODYxMTA1OQ"
            ],
            "entity_search_query": [
              {
                "query": "name like '%react1%'"
              }
            ],
            "guid": "NDQzODI1OXxOUjF8V09SS0xPQUR8MzQyNTM",
            "id": "4438259:34253:NDQzODI1OXxOUjF8V09SS0xPQUR8MzQyNTM",
            "name": "2nd2",
            "permalink": "https://one.eu.newrelic.com/redirect/entity/NDQzODI1OXxOUjF8V09SS0xPQUR8MzQyNTM",
            "scope_account_ids": [
              4438259
            ],
            "status_config_automatic": [],
            "status_config_static": [],
            "workload_id": 34253
          },
          "sensitive_attributes": [],
          "private": "bnVsbA=="
        },
        {
          "index_key": "ist",
          "schema_version": 0,
          "attributes": {
            "account_id": 4438259,
            "composite_entity_search_query": "(accountId IN ('4438259')) AND ((id IN ('NDQzODI1OXxBUE18QVBQTElDQVRJT058NDg4OTcwNjg4'))) AND id != 'NDQzODI1OXxOUjF8V09SS0xPQUR8MzQyNTI'",
            "description": null,
            "entity_guids": [
              "NDQzODI1OXxBUE18QVBQTElDQVRJT058NDg4OTcwNjg4"
            ],
            "entity_search_query": [],
            "guid": "NDQzODI1OXxOUjF8V09SS0xPQUR8MzQyNTI",
            "id": "4438259:34252:NDQzODI1OXxOUjF8V09SS0xPQUR8MzQyNTI",
            "name": "ist1",
            "permalink": "https://one.eu.newrelic.com/redirect/entity/NDQzODI1OXxOUjF8V09SS0xPQUR8MzQyNTI",
            "scope_account_ids": [
              4438259
            ],
            "status_config_automatic": [],
            "status_config_static": [],
            "workload_id": 34252
          },
          "sensitive_attributes": [],
          "private": "bnVsbA=="
        }
      ]
    }
  ],
  "check_results": null
}
